{
  "name": "andys8.de",
  "version": "1.0.0",
  "lockfileVersion": 3,
  "requires": true,
  "packages": {
    "": {
      "name": "andys8.de",
      "version": "1.0.0",
      "license": "ISC",
      "dependencies": {
        "@tsparticles/engine": "3.2.2",
        "@tsparticles/react": "3.0.0",
        "@tsparticles/slim": "3.2.2",
        "clsx": "2.1.0",
        "framer-motion": "11.0.6",
        "tailwind-merge": "2.2.1"
      }
    },
    "node_modules/@babel/runtime": {
      "version": "7.23.9",
      "resolved": "https://registry.npmjs.org/@babel/runtime/-/runtime-7.23.9.tgz",
      "integrity": "sha512-0CX6F+BI2s9dkUqr08KFrAIZgNFj75rdBU/DjCyYLIaV/quFjkk6T+EJ2LkZHyZTbEV4L5p97mNkUsHl2wLFAw==",
      "dependencies": {
        "regenerator-runtime": "^0.14.0"
      },
      "engines": {
        "node": ">=6.9.0"
      }
    },
    "node_modules/@emotion/is-prop-valid": {
      "version": "0.8.8",
      "resolved": "https://registry.npmjs.org/@emotion/is-prop-valid/-/is-prop-valid-0.8.8.tgz",
      "integrity": "sha512-u5WtneEAr5IDG2Wv65yhunPSMLIpuKsbuOktRojfrEiEvRyC85LgPMZI63cr7NUqT8ZIGdSVg8ZKGxIug4lXcA==",
      "optional": true,
      "dependencies": {
        "@emotion/memoize": "0.7.4"
      }
    },
    "node_modules/@emotion/memoize": {
      "version": "0.7.4",
      "resolved": "https://registry.npmjs.org/@emotion/memoize/-/memoize-0.7.4.tgz",
      "integrity": "sha512-Ja/Vfqe3HpuzRsG1oBtWTHk2PGZ7GR+2Vz5iYGelAw8dx32K0y7PjVuxK6z1nMpZOqAFsRUPCkK1YjJ56qJlgw==",
      "optional": true
    },
    "node_modules/@tsparticles/basic": {
      "version": "3.2.2",
      "resolved": "https://registry.npmjs.org/@tsparticles/basic/-/basic-3.2.2.tgz",
      "integrity": "sha512-KhvW6JGpFlrjJeGPShutmUxXqHBZ/rAsxGchtt/DyDEcALt+5xom6WjGvPf3HTnOU8c9+z3HKGe23MtAgDgevg==",
      "funding": [
        {
          "type": "github",
          "url": "https://github.com/sponsors/matteobruni"
        },
        {
          "type": "github",
          "url": "https://github.com/sponsors/tsparticles"
        },
        {
          "type": "buymeacoffee",
          "url": "https://www.buymeacoffee.com/matteobruni"
        }
      ],
      "dependencies": {
        "@tsparticles/engine": "^3.2.2",
        "@tsparticles/move-base": "^3.2.2",
        "@tsparticles/shape-circle": "^3.2.2",
        "@tsparticles/updater-color": "^3.2.2",
        "@tsparticles/updater-opacity": "^3.2.2",
        "@tsparticles/updater-out-modes": "^3.2.2",
        "@tsparticles/updater-size": "^3.2.2"
      }
    },
    "node_modules/@tsparticles/engine": {
      "version": "3.2.2",
      "resolved": "https://registry.npmjs.org/@tsparticles/engine/-/engine-3.2.2.tgz",
      "integrity": "sha512-iNLrt104r9CHuZORv+XgEYnfjv/1J6/OgoSCsGUJe2zUxT4ldltlSc+L+MAC68GFo+GVZfSmnPhMFeqtgZKpBw==",
      "funding": [
        {
          "type": "github",
          "url": "https://github.com/sponsors/matteobruni"
        },
        {
          "type": "github",
          "url": "https://github.com/sponsors/tsparticles"
        },
        {
          "type": "buymeacoffee",
          "url": "https://www.buymeacoffee.com/matteobruni"
        }
      ],
      "hasInstallScript": true
    },
    "node_modules/@tsparticles/interaction-external-attract": {
      "version": "3.2.2",
      "resolved": "https://registry.npmjs.org/@tsparticles/interaction-external-attract/-/interaction-external-attract-3.2.2.tgz",
      "integrity": "sha512-7avlCM6p8lWrgunF2NMJJf0W47zD4N5dHJfTlWhOCYdYZ/kge399kYucfo9ikztifugY0eLrYgqrHA3A8TpMYA==",
      "dependencies": {
        "@tsparticles/engine": "^3.2.2"
      }
    },
    "node_modules/@tsparticles/interaction-external-bounce": {
      "version": "3.2.2",
      "resolved": "https://registry.npmjs.org/@tsparticles/interaction-external-bounce/-/interaction-external-bounce-3.2.2.tgz",
      "integrity": "sha512-VR9X/Yg8DKVzfgN8UNuzaPJjreqG4wFnIOd1F7DTcDYDvBd4nQTcN2KqeWXt/ZiAHLf2/BYsj8CGmJ4gOE/GTA==",
      "dependencies": {
        "@tsparticles/engine": "^3.2.2"
      }
    },
    "node_modules/@tsparticles/interaction-external-bubble": {
      "version": "3.2.2",
      "resolved": "https://registry.npmjs.org/@tsparticles/interaction-external-bubble/-/interaction-external-bubble-3.2.2.tgz",
      "integrity": "sha512-eOLNavMk9kV2eqvTfmudIQ+cHOIpAto9X0LqdPnKi5EFlRImRVcmU0OvW1nJAV/VX6w7JImkENr0T2CP4cXiAA==",
      "dependencies": {
        "@tsparticles/engine": "^3.2.2"
      }
    },
    "node_modules/@tsparticles/interaction-external-connect": {
      "version": "3.2.2",
      "resolved": "https://registry.npmjs.org/@tsparticles/interaction-external-connect/-/interaction-external-connect-3.2.2.tgz",
      "integrity": "sha512-FdCtJsp9CbWYZlSaPAzPKz8E6NMnYQ830Gpiq+PuMZmeECfeObqy61IpBrmlociGLxiDc/mAMUUtdUAf9289Qg==",
      "dependencies": {
        "@tsparticles/engine": "^3.2.2"
      }
    },
    "node_modules/@tsparticles/interaction-external-grab": {
      "version": "3.2.2",
      "resolved": "https://registry.npmjs.org/@tsparticles/interaction-external-grab/-/interaction-external-grab-3.2.2.tgz",
      "integrity": "sha512-xWDnbab9Bb4IPiuZaEKxZCelnNwKlDHWrKgpiVm7Y7XBcP94LUP8EdTSVYzB5RCHtvNxa31welaX/7kNRMUjOw==",
      "dependencies": {
        "@tsparticles/engine": "^3.2.2"
      }
    },
    "node_modules/@tsparticles/interaction-external-pause": {
      "version": "3.2.2",
      "resolved": "https://registry.npmjs.org/@tsparticles/interaction-external-pause/-/interaction-external-pause-3.2.2.tgz",
      "integrity": "sha512-gmLoh+dliTZjh4DZL6FSCcMtQPCg6VRJNnpUNdWEdyrPLPOqeIZ+WrTjDq6vwGpQM6FXGWXmEimw00qloND9yg==",
      "dependencies": {
        "@tsparticles/engine": "^3.2.2"
      }
    },
    "node_modules/@tsparticles/interaction-external-push": {
      "version": "3.2.2",
      "resolved": "https://registry.npmjs.org/@tsparticles/interaction-external-push/-/interaction-external-push-3.2.2.tgz",
      "integrity": "sha512-MK0HMAM3VVWcis/e9aSXNkOzc+X++840BWWmNP7CTEJZQUwg+4nq/k4IFX1Uil7AYdb4k49wNyfuyCE/Hqy4gA==",
      "dependencies": {
        "@tsparticles/engine": "^3.2.2"
      }
    },
    "node_modules/@tsparticles/interaction-external-remove": {
      "version": "3.2.2",
      "resolved": "https://registry.npmjs.org/@tsparticles/interaction-external-remove/-/interaction-external-remove-3.2.2.tgz",
      "integrity": "sha512-zYp4aLeoL+Xi24TpVtQUuFfpLXkrHpAvBVAT86YNgaTd7/ei8XlvHcdAkvDaOZc1xrdU10qpNsMnowdJ2/wjTg==",
      "dependencies": {
        "@tsparticles/engine": "^3.2.2"
      }
    },
    "node_modules/@tsparticles/interaction-external-repulse": {
      "version": "3.2.2",
      "resolved": "https://registry.npmjs.org/@tsparticles/interaction-external-repulse/-/interaction-external-repulse-3.2.2.tgz",
      "integrity": "sha512-5UD6JrwR0GIVd2u9PMtYw4vwiaXD+E7NkaIwfQA6NtZq3ZHlgNvzydjRwDaPNnacSkvWmVF3ZWktgw+H6u76YQ==",
      "dependencies": {
        "@tsparticles/engine": "^3.2.2"
      }
    },
    "node_modules/@tsparticles/interaction-external-slow": {
      "version": "3.2.2",
      "resolved": "https://registry.npmjs.org/@tsparticles/interaction-external-slow/-/interaction-external-slow-3.2.2.tgz",
      "integrity": "sha512-IqHcDtn9iaOIn8j3rtewlLi6PYDVLKQx81RPQiR00rTqPAkB81IFD/WI+gF9W/GdzLol+tWPbOa7qw5RripqXA==",
      "dependencies": {
        "@tsparticles/engine": "^3.2.2"
      }
    },
    "node_modules/@tsparticles/interaction-particles-attract": {
      "version": "3.2.2",
      "resolved": "https://registry.npmjs.org/@tsparticles/interaction-particles-attract/-/interaction-particles-attract-3.2.2.tgz",
      "integrity": "sha512-wwRHReaA+Jfb8K3RFsr1UJWm6KO1Wk3KTbyoaZ9aqkHu7KcJKm1Z+cfg4ZsCMmaIzyxzNEVUWeWNbEZI2FSQUw==",
      "dependencies": {
        "@tsparticles/engine": "^3.2.2"
      }
    },
    "node_modules/@tsparticles/interaction-particles-collisions": {
      "version": "3.2.2",
      "resolved": "https://registry.npmjs.org/@tsparticles/interaction-particles-collisions/-/interaction-particles-collisions-3.2.2.tgz",
      "integrity": "sha512-UNZrq7M5sGvpqq8BJQNgLJca3zcJKCqBbdL2v5C858/TFmmgI7icmKm63U136MaBO8T5iqlJMmqrA0EdcZQ+1w==",
      "dependencies": {
        "@tsparticles/engine": "^3.2.2"
      }
    },
    "node_modules/@tsparticles/interaction-particles-links": {
      "version": "3.2.2",
      "resolved": "https://registry.npmjs.org/@tsparticles/interaction-particles-links/-/interaction-particles-links-3.2.2.tgz",
      "integrity": "sha512-bg1e9/BfJH8sWkKNi1ieeHL4DKAhho2u9aMqcNAbIAOYF1wm0scAhP+IzK3AQwrd/Xu0cI4YIhUkD1ECQ6ADFA==",
      "dependencies": {
        "@tsparticles/engine": "^3.2.2"
      }
    },
    "node_modules/@tsparticles/move-base": {
      "version": "3.2.2",
      "resolved": "https://registry.npmjs.org/@tsparticles/move-base/-/move-base-3.2.2.tgz",
      "integrity": "sha512-ApyjsCyM9gU+EXXmSCaQXosec20HdiBC2WmQaSwO9EK8ZowUH23NZyQZ4m2hMTwCjMCXzdaIw6JCibedxwlv3A==",
      "dependencies": {
        "@tsparticles/engine": "^3.2.2"
      }
    },
    "node_modules/@tsparticles/move-parallax": {
      "version": "3.2.2",
      "resolved": "https://registry.npmjs.org/@tsparticles/move-parallax/-/move-parallax-3.2.2.tgz",
      "integrity": "sha512-/GPafWBTqLhXwRW5PbnN1mcfxsW6BJRuKviBSLKfetCkiv53jrGCVza4CycbFtc91M7bREQamVwoAgKOCSHOfA==",
      "dependencies": {
        "@tsparticles/engine": "^3.2.2"
      }
    },
    "node_modules/@tsparticles/plugin-easing-quad": {
      "version": "3.2.2",
      "resolved": "https://registry.npmjs.org/@tsparticles/plugin-easing-quad/-/plugin-easing-quad-3.2.2.tgz",
      "integrity": "sha512-QC6p788o1nw7mPDjNFL+mJ58vWMPqKyt3dzk9rotoSd06np1+qxKEEMUEA0UPET3ja8Ph0DpbneX6Zn45Q/z4Q==",
      "funding": [
        {
          "type": "github",
          "url": "https://github.com/sponsors/matteobruni"
        },
        {
          "type": "github",
          "url": "https://github.com/sponsors/tsparticles"
        },
        {
          "type": "buymeacoffee",
          "url": "https://www.buymeacoffee.com/matteobruni"
        }
      ],
      "dependencies": {
        "@tsparticles/engine": "^3.2.2"
      }
    },
    "node_modules/@tsparticles/react": {
      "version": "3.0.0",
      "resolved": "https://registry.npmjs.org/@tsparticles/react/-/react-3.0.0.tgz",
      "integrity": "sha512-hjGEtTT1cwv6BcjL+GcVgH++KYs52bIuQGW3PWv7z3tMa8g0bd6RI/vWSLj7p//NZ3uTjEIeilYIUPBh7Jfq/Q==",
      "peerDependencies": {
        "@tsparticles/engine": "^3.0.2",
        "react": ">=16.8.0",
        "react-dom": ">=16.8.0"
      }
    },
    "node_modules/@tsparticles/shape-circle": {
      "version": "3.2.2",
      "resolved": "https://registry.npmjs.org/@tsparticles/shape-circle/-/shape-circle-3.2.2.tgz",
      "integrity": "sha512-mWSQpb6cYM/Db+xBSaJP8khkQ3Ctxx3cKhiqI6WBlLKwIL5liGwUT6RWypcfoFqRacNpX8OTZo65Tet0J5uAUw==",
      "dependencies": {
        "@tsparticles/engine": "^3.2.2"
      }
    },
    "node_modules/@tsparticles/shape-emoji": {
      "version": "3.2.2",
      "resolved": "https://registry.npmjs.org/@tsparticles/shape-emoji/-/shape-emoji-3.2.2.tgz",
      "integrity": "sha512-rX1emadd59BkLP2G3l2Fkoahd53ug2zbnD2sO/SG4xtEoPo/F5kou6bdxQfHgMRPMvSD7RV9ymVk7swXjCyGcQ==",
      "dependencies": {
        "@tsparticles/engine": "^3.2.2"
      }
    },
    "node_modules/@tsparticles/shape-image": {
      "version": "3.2.2",
      "resolved": "https://registry.npmjs.org/@tsparticles/shape-image/-/shape-image-3.2.2.tgz",
      "integrity": "sha512-IepdD414+QhMuzM4lg/JL5o/2wVJeB/ho/7fqt/9GX2YK+iskRFai91Mn6aGVGUOUMrt2xar3VDunoUZ4Gu4lw==",
      "dependencies": {
        "@tsparticles/engine": "^3.2.2"
      }
    },
    "node_modules/@tsparticles/shape-line": {
      "version": "3.2.2",
      "resolved": "https://registry.npmjs.org/@tsparticles/shape-line/-/shape-line-3.2.2.tgz",
      "integrity": "sha512-MGDEiuMMtnjqFn3lcq/MXRtckxNz+rpXazcCFH4Gee694XktSkYh8djQTOT0RLNBKpzVWpRJKFHDRnqxx9oevA==",
      "dependencies": {
        "@tsparticles/engine": "^3.2.2"
      }
    },
    "node_modules/@tsparticles/shape-polygon": {
      "version": "3.2.2",
      "resolved": "https://registry.npmjs.org/@tsparticles/shape-polygon/-/shape-polygon-3.2.2.tgz",
      "integrity": "sha512-elGxSKd0buX0b45BJyOn2We0TZZs7n/eKk5mj3O0/aVSCqQCdU3pFm7J+F3RyzaPk8RRXvR9LT46Cge2PI2agQ==",
      "dependencies": {
        "@tsparticles/engine": "^3.2.2"
      }
    },
    "node_modules/@tsparticles/shape-square": {
      "version": "3.2.2",
      "resolved": "https://registry.npmjs.org/@tsparticles/shape-square/-/shape-square-3.2.2.tgz",
      "integrity": "sha512-JPItLvWCrPPYD90g+jTR3CZdFVIeyfpQ+7uDAwQCYbqGF5zTo7E5jMx/Bqoa0ZUU8GqncpQmlB4NeYtmOSsguw==",
      "dependencies": {
        "@tsparticles/engine": "^3.2.2"
      }
    },
    "node_modules/@tsparticles/shape-star": {
      "version": "3.2.2",
      "resolved": "https://registry.npmjs.org/@tsparticles/shape-star/-/shape-star-3.2.2.tgz",
      "integrity": "sha512-KvYpaM52cwtRLNGFHCC2IPSOBtF4EFH2aHXRq1ffS6ZGy32oGSC7TFPBY2yUgS9kRTeqAB3MjIByGRxy/yj0Ug==",
      "dependencies": {
        "@tsparticles/engine": "^3.2.2"
      }
    },
    "node_modules/@tsparticles/slim": {
      "version": "3.2.2",
      "resolved": "https://registry.npmjs.org/@tsparticles/slim/-/slim-3.2.2.tgz",
      "integrity": "sha512-BsgybMVvsItpmki8+PiREVbR2m1R3L0Lj3+Nw5B9xxigoBWXi5pUsHMItsyJZVXWqv6gC89AwaxYZKmTWlR89A==",
      "funding": [
        {
          "type": "github",
          "url": "https://github.com/sponsors/matteobruni"
        },
        {
          "type": "github",
          "url": "https://github.com/sponsors/tsparticles"
        },
        {
          "type": "buymeacoffee",
          "url": "https://www.buymeacoffee.com/matteobruni"
        }
      ],
      "dependencies": {
        "@tsparticles/basic": "^3.2.2",
        "@tsparticles/engine": "^3.2.2",
        "@tsparticles/interaction-external-attract": "^3.2.2",
        "@tsparticles/interaction-external-bounce": "^3.2.2",
        "@tsparticles/interaction-external-bubble": "^3.2.2",
        "@tsparticles/interaction-external-connect": "^3.2.2",
        "@tsparticles/interaction-external-grab": "^3.2.2",
        "@tsparticles/interaction-external-pause": "^3.2.2",
        "@tsparticles/interaction-external-push": "^3.2.2",
        "@tsparticles/interaction-external-remove": "^3.2.2",
        "@tsparticles/interaction-external-repulse": "^3.2.2",
        "@tsparticles/interaction-external-slow": "^3.2.2",
        "@tsparticles/interaction-particles-attract": "^3.2.2",
        "@tsparticles/interaction-particles-collisions": "^3.2.2",
        "@tsparticles/interaction-particles-links": "^3.2.2",
        "@tsparticles/move-parallax": "^3.2.2",
        "@tsparticles/plugin-easing-quad": "^3.2.2",
        "@tsparticles/shape-emoji": "^3.2.2",
        "@tsparticles/shape-image": "^3.2.2",
        "@tsparticles/shape-line": "^3.2.2",
        "@tsparticles/shape-polygon": "^3.2.2",
        "@tsparticles/shape-square": "^3.2.2",
        "@tsparticles/shape-star": "^3.2.2",
        "@tsparticles/updater-life": "^3.2.2",
        "@tsparticles/updater-rotate": "^3.2.2",
        "@tsparticles/updater-stroke-color": "^3.2.2"
      }
    },
    "node_modules/@tsparticles/updater-color": {
      "version": "3.2.2",
      "resolved": "https://registry.npmjs.org/@tsparticles/updater-color/-/updater-color-3.2.2.tgz",
      "integrity": "sha512-hwzuDcyVm2bkUaTBEye5H/+I9RYCSqDwa74ilmHrM0f0hKNiuvg5bGYIDRt0ZDUzWCro7jncvMGmbv8/JjHYsA==",
      "dependencies": {
        "@tsparticles/engine": "^3.2.2"
      }
    },
    "node_modules/@tsparticles/updater-life": {
      "version": "3.2.2",
      "resolved": "https://registry.npmjs.org/@tsparticles/updater-life/-/updater-life-3.2.2.tgz",
      "integrity": "sha512-x8KuBRoOOFuXP5mOxCFht7KlcBHWBeyV12sFWM4h6W34+gMiqxOw43jBt1M7pSbx4S94NlG0IXBgw9WY36Ky2A==",
      "dependencies": {
        "@tsparticles/engine": "^3.2.2"
      }
    },
    "node_modules/@tsparticles/updater-opacity": {
      "version": "3.2.2",
      "resolved": "https://registry.npmjs.org/@tsparticles/updater-opacity/-/updater-opacity-3.2.2.tgz",
      "integrity": "sha512-x8j4V/o7abMqd7GxMr2PlYWAnK7SX1XzA7CdIU1Vx7rAZ8XlzRQymYuCQ2QXuDmTtXorESm/E/CrRsJ4cxmhPw==",
      "dependencies": {
        "@tsparticles/engine": "^3.2.2"
      }
    },
    "node_modules/@tsparticles/updater-out-modes": {
      "version": "3.2.2",
      "resolved": "https://registry.npmjs.org/@tsparticles/updater-out-modes/-/updater-out-modes-3.2.2.tgz",
      "integrity": "sha512-0IYu3Y0Ywp90Uh59vFxGOLUmhTIVDKmjEV/WrGAncODWdGIQNSuxmqlCv9Ys2oQ1wvt1AWnwI5LYZA8CoEKWlA==",
      "dependencies": {
        "@tsparticles/engine": "^3.2.2"
      }
    },
    "node_modules/@tsparticles/updater-rotate": {
      "version": "3.2.2",
      "resolved": "https://registry.npmjs.org/@tsparticles/updater-rotate/-/updater-rotate-3.2.2.tgz",
      "integrity": "sha512-CJtYHfHQTRUXu8BqRhgA/ZEwXDGpxaPEr700jsYumwyaX8msPuJWQwo7Q2cujQMne7nAtuCeZQGAIbxA5sHI+A==",
      "dependencies": {
        "@tsparticles/engine": "^3.2.2"
      }
    },
    "node_modules/@tsparticles/updater-size": {
      "version": "3.2.2",
      "resolved": "https://registry.npmjs.org/@tsparticles/updater-size/-/updater-size-3.2.2.tgz",
      "integrity": "sha512-FfQSF8uolH8+wtEx5oAltmVUP6eSg7eUH7XyU/yXj++45Lh5+gosdCdbQMT6j3VacG6zYMYlznZkKp1NsBfhAQ==",
      "dependencies": {
        "@tsparticles/engine": "^3.2.2"
      }
    },
    "node_modules/@tsparticles/updater-stroke-color": {
      "version": "3.2.2",
      "resolved": "https://registry.npmjs.org/@tsparticles/updater-stroke-color/-/updater-stroke-color-3.2.2.tgz",
      "integrity": "sha512-3osyzA4eHEiZogmyyrZov9aqIcUJTz9uX4U5oPYFItyMov5KB61gKseJnrd5vKWUieqmHm4WLkDcokoEA51fXA==",
      "dependencies": {
        "@tsparticles/engine": "^3.2.2"
      }
    },
    "node_modules/clsx": {
      "version": "2.1.0",
      "resolved": "https://registry.npmjs.org/clsx/-/clsx-2.1.0.tgz",
      "integrity": "sha512-m3iNNWpd9rl3jvvcBnu70ylMdrXt8Vlq4HYadnU5fwcOtvkSQWPmj7amUcDT2qYI7risszBjI5AUIUox9D16pg==",
      "engines": {
        "node": ">=6"
      }
    },
    "node_modules/framer-motion": {
      "version": "11.0.6",
      "resolved": "https://registry.npmjs.org/framer-motion/-/framer-motion-11.0.6.tgz",
      "integrity": "sha512-BpO3mWF8UwxzO3Ca5AmSkrg14QYTeJa9vKgoLOoBdBdTPj0e81i1dMwnX6EQJXRieUx20uiDBXq8bA6y7N6b8Q==",
      "dependencies": {
        "tslib": "^2.4.0"
      },
      "optionalDependencies": {
        "@emotion/is-prop-valid": "^0.8.2"
      },
      "peerDependencies": {
        "react": "^18.0.0",
        "react-dom": "^18.0.0"
      },
      "peerDependenciesMeta": {
        "react": {
          "optional": true
        },
        "react-dom": {
          "optional": true
        }
      }
    },
    "node_modules/js-tokens": {
      "version": "4.0.0",
      "resolved": "https://registry.npmjs.org/js-tokens/-/js-tokens-4.0.0.tgz",
      "integrity": "sha512-RdJUflcE3cUzKiMqQgsCu06FPu9UdIJO0beYbPhHN4k6apgJtifcoCtT9bcxOpYBtpD2kCM6Sbzg4CausW/PKQ==",
      "peer": true
    },
    "node_modules/loose-envify": {
      "version": "1.4.0",
      "resolved": "https://registry.npmjs.org/loose-envify/-/loose-envify-1.4.0.tgz",
      "integrity": "sha512-lyuxPGr/Wfhrlem2CL/UcnUc1zcqKAImBDzukY7Y5F/yQiNdko6+fRLevlw1HgMySw7f611UIY408EtxRSoK3Q==",
      "peer": true,
      "dependencies": {
        "js-tokens": "^3.0.0 || ^4.0.0"
      },
      "bin": {
        "loose-envify": "cli.js"
      }
    },
    "node_modules/react": {
      "version": "18.2.0",
      "resolved": "https://registry.npmjs.org/react/-/react-18.2.0.tgz",
      "integrity": "sha512-/3IjMdb2L9QbBdWiW5e3P2/npwMBaU9mHCSCUzNln0ZCYbcfTsGbTJrU/kGemdH2IWmB2ioZ+zkxtmq6g09fGQ==",
      "peer": true,
      "dependencies": {
        "loose-envify": "^1.1.0"
      },
      "engines": {
        "node": ">=0.10.0"
      }
    },
    "node_modules/react-dom": {
      "version": "18.2.0",
      "resolved": "https://registry.npmjs.org/react-dom/-/react-dom-18.2.0.tgz",
      "integrity": "sha512-6IMTriUmvsjHUjNtEDudZfuDQUoWXVxKHhlEGSk81n4YFS+r/Kl99wXiwlVXtPBtJenozv2P+hxDsw9eA7Xo6g==",
      "peer": true,
      "dependencies": {
        "loose-envify": "^1.1.0",
        "scheduler": "^0.23.0"
      },
      "peerDependencies": {
        "react": "^18.2.0"
      }
    },
    "node_modules/regenerator-runtime": {
      "version": "0.14.1",
      "resolved": "https://registry.npmjs.org/regenerator-runtime/-/regenerator-runtime-0.14.1.tgz",
      "integrity": "sha512-dYnhHh0nJoMfnkZs6GmmhFknAGRrLznOu5nc9ML+EJxGvrx6H7teuevqVqCuPcPK//3eDrrjQhehXVx9cnkGdw=="
    },
    "node_modules/scheduler": {
      "version": "0.23.0",
      "resolved": "https://registry.npmjs.org/scheduler/-/scheduler-0.23.0.tgz",
      "integrity": "sha512-CtuThmgHNg7zIZWAXi3AsyIzA3n4xx7aNyjwC2VJldO2LMVDhFK+63xGqq6CsJH4rTAt6/M+N4GhZiDYPx9eUw==",
      "peer": true,
      "dependencies": {
        "loose-envify": "^1.1.0"
      }
    },
    "node_modules/tailwind-merge": {
      "version": "2.2.1",
      "resolved": "https://registry.npmjs.org/tailwind-merge/-/tailwind-merge-2.2.1.tgz",
      "integrity": "sha512-o+2GTLkthfa5YUt4JxPfzMIpQzZ3adD1vLVkvKE1Twl9UAhGsEbIZhHHZVRttyW177S8PDJI3bTQNaebyofK3Q==",
      "dependencies": {
        "@babel/runtime": "^7.23.7"
      },
      "funding": {
        "type": "github",
        "url": "https://github.com/sponsors/dcastil"
      }
    },
    "node_modules/tslib": {
      "version": "2.6.2",
      "resolved": "https://registry.npmjs.org/tslib/-/tslib-2.6.2.tgz",
      "integrity": "sha512-AEYxH93jGFPn/a2iVAwW87VuUIkR1FVUKB77NwMF7nBTDkDrrT/Hpt/IrCJ0QXhW27jTBDcf5ZY7w6RiqTMw2Q=="
    }
  }
}
